
Microsoft Visual Studio Solution File, Format Version 12.00
# Visual Studio Version 16
VisualStudioVersion = 16.0.29123.88
MinimumVisualStudioVersion = 10.0.40219.1
Project("{FAE04EC0-301F-11D3-BF4B-00C04F79EFBC}") = "xadrez_console", "xadrez_console\xadrez_console.csproj", "{A186B951-2AEA-498B-8A5D-D2B3322E5A59}"
EndProject
Global
	GlobalSection(SolutionConfigurationPlatforms) = preSolution
		Debug|Any CPU = Debug|Any CPU
		Release|Any CPU = Release|Any CPU
	EndGlobalSection
	GlobalSection(ProjectConfigurationPlatforms) = postSolution
		{A186B951-2AEA-498B-8A5D-D2B3322E5A59}.Debug|Any CPU.ActiveCfg = Debug|Any CPU
		{A186B951-2AEA-498B-8A5D-D2B3322E5A59}.Debug|Any CPU.Build.0 = Debug|Any CPU
		{A186B951-2AEA-498B-8A5D-D2B3322E5A59}.Release|Any CPU.ActiveCfg = Release|Any CPU
		{A186B951-2AEA-498B-8A5D-D2B3322E5A59}.Release|Any CPU.Build.0 = Release|Any CPU
	EndGlobalSection
	GlobalSection(SolutionProperties) = preSolution
		HideSolutionNode = FALSE
	EndGlobalSection
	GlobalSection(ExtensibilityGlobals) = postSolution
		SolutionGuid = {1FBE70A5-5D87-464E-B310-D1CEDB67881F}
	EndGlobalSection
EndGlobal
